
Microsoft Visual Studio Solution File, Format Version 12.00
# Visual Studio Version 17
VisualStudioVersion = 17.3.32922.545
MinimumVisualStudioVersion = 10.0.40219.1
Project("{FAE04EC0-301F-11D3-BF4B-00C04F79EFBC}") = "DappperInClass", "DappperInClass\DappperInClass.csproj", "{71AC1DCD-B386-42E7-BAAF-3D01B6E52328}"
EndProject
Global
	GlobalSection(SolutionConfigurationPlatforms) = preSolution
		Debug|Any CPU = Debug|Any CPU
		Release|Any CPU = Release|Any CPU
	EndGlobalSection
	GlobalSection(ProjectConfigurationPlatforms) = postSolution
		{71AC1DCD-B386-42E7-BAAF-3D01B6E52328}.Debug|Any CPU.ActiveCfg = Debug|Any CPU
		{71AC1DCD-B386-42E7-BAAF-3D01B6E52328}.Debug|Any CPU.Build.0 = Debug|Any CPU
		{71AC1DCD-B386-42E7-BAAF-3D01B6E52328}.Release|Any CPU.ActiveCfg = Release|Any CPU
		{71AC1DCD-B386-42E7-BAAF-3D01B6E52328}.Release|Any CPU.Build.0 = Release|Any CPU
	EndGlobalSection
	GlobalSection(SolutionProperties) = preSolution
		HideSolutionNode = FALSE
	EndGlobalSection
	GlobalSection(ExtensibilityGlobals) = postSolution
		SolutionGuid = {3CAFAE03-8642-4767-B80A-4056A9D8E12D}
	EndGlobalSection
EndGlobal
